
Microsoft Visual Studio Solution File, Format Version 12.00
Project("{FAE04EC0-301F-11D3-BF4B-00C04F79EFBC}") = "C Sharp Exercises", "C Sharp Exercises.csproj", "{F3405F57-ABEC-4A14-BD4B-E242E506275E}"
EndProject
Project("{FAE04EC0-301F-11D3-BF4B-00C04F79EFBC}") = "LABO-OOP", "LABO-OOP\LABO-OOP.csproj", "{35135578-E16C-4FDD-B9A1-6443C12631DC}"
EndProject
Project("{FAE04EC0-301F-11D3-BF4B-00C04F79EFBC}") = "LABO_OOP", "..\LABO_OOP\LABO_OOP.csproj", "{6815D572-FFBE-464A-B0BB-0E0BF71D49CE}"
EndProject
Global
	GlobalSection(SolutionConfigurationPlatforms) = preSolution
		Debug|Any CPU = Debug|Any CPU
		Debug|x64 = Debug|x64
		Debug|x86 = Debug|x86
		Release|Any CPU = Release|Any CPU
		Release|x64 = Release|x64
		Release|x86 = Release|x86
	EndGlobalSection
	GlobalSection(ProjectConfigurationPlatforms) = postSolution
		{F3405F57-ABEC-4A14-BD4B-E242E506275E}.Debug|Any CPU.ActiveCfg = Debug|Any CPU
		{F3405F57-ABEC-4A14-BD4B-E242E506275E}.Debug|Any CPU.Build.0 = Debug|Any CPU
		{F3405F57-ABEC-4A14-BD4B-E242E506275E}.Debug|x64.ActiveCfg = Debug|Any CPU
		{F3405F57-ABEC-4A14-BD4B-E242E506275E}.Debug|x64.Build.0 = Debug|Any CPU
		{F3405F57-ABEC-4A14-BD4B-E242E506275E}.Debug|x86.ActiveCfg = Debug|Any CPU
		{F3405F57-ABEC-4A14-BD4B-E242E506275E}.Debug|x86.Build.0 = Debug|Any CPU
		{F3405F57-ABEC-4A14-BD4B-E242E506275E}.Release|Any CPU.ActiveCfg = Release|Any CPU
		{F3405F57-ABEC-4A14-BD4B-E242E506275E}.Release|Any CPU.Build.0 = Release|Any CPU
		{F3405F57-ABEC-4A14-BD4B-E242E506275E}.Release|x64.ActiveCfg = Release|Any CPU
		{F3405F57-ABEC-4A14-BD4B-E242E506275E}.Release|x64.Build.0 = Release|Any CPU
		{F3405F57-ABEC-4A14-BD4B-E242E506275E}.Release|x86.ActiveCfg = Release|Any CPU
		{F3405F57-ABEC-4A14-BD4B-E242E506275E}.Release|x86.Build.0 = Release|Any CPU
		{35135578-E16C-4FDD-B9A1-6443C12631DC}.Debug|Any CPU.ActiveCfg = Debug|Any CPU
		{35135578-E16C-4FDD-B9A1-6443C12631DC}.Debug|Any CPU.Build.0 = Debug|Any CPU
		{35135578-E16C-4FDD-B9A1-6443C12631DC}.Debug|x64.ActiveCfg = Debug|Any CPU
		{35135578-E16C-4FDD-B9A1-6443C12631DC}.Debug|x64.Build.0 = Debug|Any CPU
		{35135578-E16C-4FDD-B9A1-6443C12631DC}.Debug|x86.ActiveCfg = Debug|Any CPU
		{35135578-E16C-4FDD-B9A1-6443C12631DC}.Debug|x86.Build.0 = Debug|Any CPU
		{35135578-E16C-4FDD-B9A1-6443C12631DC}.Release|Any CPU.ActiveCfg = Release|Any CPU
		{35135578-E16C-4FDD-B9A1-6443C12631DC}.Release|Any CPU.Build.0 = Release|Any CPU
		{35135578-E16C-4FDD-B9A1-6443C12631DC}.Release|x64.ActiveCfg = Release|Any CPU
		{35135578-E16C-4FDD-B9A1-6443C12631DC}.Release|x64.Build.0 = Release|Any CPU
		{35135578-E16C-4FDD-B9A1-6443C12631DC}.Release|x86.ActiveCfg = Release|Any CPU
		{35135578-E16C-4FDD-B9A1-6443C12631DC}.Release|x86.Build.0 = Release|Any CPU
		{6815D572-FFBE-464A-B0BB-0E0BF71D49CE}.Debug|Any CPU.ActiveCfg = Debug|Any CPU
		{6815D572-FFBE-464A-B0BB-0E0BF71D49CE}.Debug|Any CPU.Build.0 = Debug|Any CPU
		{6815D572-FFBE-464A-B0BB-0E0BF71D49CE}.Debug|x64.ActiveCfg = Debug|Any CPU
		{6815D572-FFBE-464A-B0BB-0E0BF71D49CE}.Debug|x64.Build.0 = Debug|Any CPU
		{6815D572-FFBE-464A-B0BB-0E0BF71D49CE}.Debug|x86.ActiveCfg = Debug|Any CPU
		{6815D572-FFBE-464A-B0BB-0E0BF71D49CE}.Debug|x86.Build.0 = Debug|Any CPU
		{6815D572-FFBE-464A-B0BB-0E0BF71D49CE}.Release|Any CPU.ActiveCfg = Release|Any CPU
		{6815D572-FFBE-464A-B0BB-0E0BF71D49CE}.Release|Any CPU.Build.0 = Release|Any CPU
		{6815D572-FFBE-464A-B0BB-0E0BF71D49CE}.Release|x64.ActiveCfg = Release|Any CPU
		{6815D572-FFBE-464A-B0BB-0E0BF71D49CE}.Release|x64.Build.0 = Release|Any CPU
		{6815D572-FFBE-464A-B0BB-0E0BF71D49CE}.Release|x86.ActiveCfg = Release|Any CPU
		{6815D572-FFBE-464A-B0BB-0E0BF71D49CE}.Release|x86.Build.0 = Release|Any CPU
	EndGlobalSection
	GlobalSection(SolutionProperties) = preSolution
		HideSolutionNode = FALSE
	EndGlobalSection
EndGlobal
