
Microsoft Visual Studio Solution File, Format Version 12.00
# Visual Studio Version 17
VisualStudioVersion = 17.14.36518.9 d17.14
MinimumVisualStudioVersion = 10.0.40219.1
Project("{FAE04EC0-301F-11D3-BF4B-00C04F79EFBC}") = "opp_c-sharp", "opp_c-sharp.csproj", "{52CA7562-239E-4C3C-81BA-A5FA36E411AB}"
EndProject
Project("{FAE04EC0-301F-11D3-BF4B-00C04F79EFBC}") = "inheritance", "..\inheritance\inheritance.csproj", "{F2D07923-AFF4-4277-B592-4303F6A3E801}"
EndProject
Global
	GlobalSection(SolutionConfigurationPlatforms) = preSolution
		Debug|Any CPU = Debug|Any CPU
		Release|Any CPU = Release|Any CPU
	EndGlobalSection
	GlobalSection(ProjectConfigurationPlatforms) = postSolution
		{52CA7562-239E-4C3C-81BA-A5FA36E411AB}.Debug|Any CPU.ActiveCfg = Debug|Any CPU
		{52CA7562-239E-4C3C-81BA-A5FA36E411AB}.Debug|Any CPU.Build.0 = Debug|Any CPU
		{52CA7562-239E-4C3C-81BA-A5FA36E411AB}.Release|Any CPU.ActiveCfg = Release|Any CPU
		{52CA7562-239E-4C3C-81BA-A5FA36E411AB}.Release|Any CPU.Build.0 = Release|Any CPU
		{F2D07923-AFF4-4277-B592-4303F6A3E801}.Debug|Any CPU.ActiveCfg = Debug|Any CPU
		{F2D07923-AFF4-4277-B592-4303F6A3E801}.Debug|Any CPU.Build.0 = Debug|Any CPU
		{F2D07923-AFF4-4277-B592-4303F6A3E801}.Release|Any CPU.ActiveCfg = Release|Any CPU
		{F2D07923-AFF4-4277-B592-4303F6A3E801}.Release|Any CPU.Build.0 = Release|Any CPU
	EndGlobalSection
	GlobalSection(SolutionProperties) = preSolution
		HideSolutionNode = FALSE
	EndGlobalSection
	GlobalSection(ExtensibilityGlobals) = postSolution
		SolutionGuid = {8C3BC6B5-7ED6-44C4-B3E3-2BFB14E533DB}
	EndGlobalSection
EndGlobal
