
Microsoft Visual Studio Solution File, Format Version 12.00
Project("{FAE04EC0-301F-11D3-BF4B-00C04F79EFBC}") = "Mise_en_application_05_A", "Mise_en_application_05_A.csproj", "{070FAF4B-6A1A-499F-9E3F-526A6B5131DF}"
EndProject
Global
	GlobalSection(SolutionConfigurationPlatforms) = preSolution
		Debug|Any CPU = Debug|Any CPU
		Release|Any CPU = Release|Any CPU
	EndGlobalSection
	GlobalSection(ProjectConfigurationPlatforms) = postSolution
		{070FAF4B-6A1A-499F-9E3F-526A6B5131DF}.Debug|Any CPU.ActiveCfg = Debug|Any CPU
		{070FAF4B-6A1A-499F-9E3F-526A6B5131DF}.Debug|Any CPU.Build.0 = Debug|Any CPU
		{070FAF4B-6A1A-499F-9E3F-526A6B5131DF}.Release|Any CPU.ActiveCfg = Release|Any CPU
		{070FAF4B-6A1A-499F-9E3F-526A6B5131DF}.Release|Any CPU.Build.0 = Release|Any CPU
	EndGlobalSection
EndGlobal
