
Microsoft Visual Studio Solution File, Format Version 12.00
Project("{FAE04EC0-301F-11D3-BF4B-00C04F79EFBC}") = "mise-en-application_02-02", "mise-en-application_02-02.csproj", "{DE5FD130-5BE6-4BF5-9822-5804CBDE4529}"
EndProject
Global
	GlobalSection(SolutionConfigurationPlatforms) = preSolution
		Debug|Any CPU = Debug|Any CPU
		Release|Any CPU = Release|Any CPU
	EndGlobalSection
	GlobalSection(ProjectConfigurationPlatforms) = postSolution
		{DE5FD130-5BE6-4BF5-9822-5804CBDE4529}.Debug|Any CPU.ActiveCfg = Debug|Any CPU
		{DE5FD130-5BE6-4BF5-9822-5804CBDE4529}.Debug|Any CPU.Build.0 = Debug|Any CPU
		{DE5FD130-5BE6-4BF5-9822-5804CBDE4529}.Release|Any CPU.ActiveCfg = Release|Any CPU
		{DE5FD130-5BE6-4BF5-9822-5804CBDE4529}.Release|Any CPU.Build.0 = Release|Any CPU
	EndGlobalSection
EndGlobal
