
Microsoft Visual Studio Solution File, Format Version 12.00
Project("{FAE04EC0-301F-11D3-BF4B-00C04F79EFBC}") = "Mise_en_application_04-03", "Mise_en_application_04-03.csproj", "{4AD46F5C-7655-4912-91F2-B2C24C7B6B16}"
EndProject
Global
	GlobalSection(SolutionConfigurationPlatforms) = preSolution
		Debug|Any CPU = Debug|Any CPU
		Release|Any CPU = Release|Any CPU
	EndGlobalSection
	GlobalSection(ProjectConfigurationPlatforms) = postSolution
		{4AD46F5C-7655-4912-91F2-B2C24C7B6B16}.Debug|Any CPU.ActiveCfg = Debug|Any CPU
		{4AD46F5C-7655-4912-91F2-B2C24C7B6B16}.Debug|Any CPU.Build.0 = Debug|Any CPU
		{4AD46F5C-7655-4912-91F2-B2C24C7B6B16}.Release|Any CPU.ActiveCfg = Release|Any CPU
		{4AD46F5C-7655-4912-91F2-B2C24C7B6B16}.Release|Any CPU.Build.0 = Release|Any CPU
	EndGlobalSection
EndGlobal
