
Microsoft Visual Studio Solution File, Format Version 12.00
Project("{FAE04EC0-301F-11D3-BF4B-00C04F79EFBC}") = "Mise_en_application_6", "Mise_en_application_6.csproj", "{087C1487-079F-4DE2-91B4-9A1A8BF2456F}"
EndProject
Global
	GlobalSection(SolutionConfigurationPlatforms) = preSolution
		Debug|Any CPU = Debug|Any CPU
		Release|Any CPU = Release|Any CPU
	EndGlobalSection
	GlobalSection(ProjectConfigurationPlatforms) = postSolution
		{087C1487-079F-4DE2-91B4-9A1A8BF2456F}.Debug|Any CPU.ActiveCfg = Debug|Any CPU
		{087C1487-079F-4DE2-91B4-9A1A8BF2456F}.Debug|Any CPU.Build.0 = Debug|Any CPU
		{087C1487-079F-4DE2-91B4-9A1A8BF2456F}.Release|Any CPU.ActiveCfg = Release|Any CPU
		{087C1487-079F-4DE2-91B4-9A1A8BF2456F}.Release|Any CPU.Build.0 = Release|Any CPU
	EndGlobalSection
EndGlobal
